// !$*UTF8*$!
{
	archiveVersion = 1;
	classes = {
	};
	objectVersion = 56;
	objects = {

/* Begin PBXBuildFile section */
		0A588F0829E2131E00601DE9 /* EmojiPicker in Frameworks */ = {isa = PBXBuildFile; productRef = 0A588F0729E2131E00601DE9 /* EmojiPicker */; };
		0A588F0A29E217A200601DE9 /* String+RandomEmoji.swift in Sources */ = {isa = PBXBuildFile; fileRef = 0A588F0929E217A200601DE9 /* String+RandomEmoji.swift */; };
		0A59579629CABC66008ED873 /* Simulator Screen Shot - iPhone 14 Pro - 2023-03-20 at 12.36.09.png in Resources */ = {isa = PBXBuildFile; fileRef = 0A59576529CABC66008ED873 /* Simulator Screen Shot - iPhone 14 Pro - 2023-03-20 at 12.36.09.png */; };
		0A59579729CABC66008ED873 /* Simulator Screen Shot - iPhone 14 Pro - 2023-03-20 at 12.39.49.png in Resources */ = {isa = PBXBuildFile; fileRef = 0A59576629CABC66008ED873 /* Simulator Screen Shot - iPhone 14 Pro - 2023-03-20 at 12.39.49.png */; };
		0A59579829CABC66008ED873 /* Simulator Screen Shot - iPhone 14 Pro - 2023-03-20 at 12.39.51.png in Resources */ = {isa = PBXBuildFile; fileRef = 0A59576729CABC66008ED873 /* Simulator Screen Shot - iPhone 14 Pro - 2023-03-20 at 12.39.51.png */; };
		0A59579929CABC66008ED873 /* Simulator Screen Shot - iPhone 14 Pro - 2023-03-20 at 12.35.42.png in Resources */ = {isa = PBXBuildFile; fileRef = 0A59576829CABC66008ED873 /* Simulator Screen Shot - iPhone 14 Pro - 2023-03-20 at 12.35.42.png */; };
		0A59579A29CABC66008ED873 /* Simulator Screen Shot - iPhone 14 Pro - 2023-03-20 at 12.35.56.png in Resources */ = {isa = PBXBuildFile; fileRef = 0A59576929CABC66008ED873 /* Simulator Screen Shot - iPhone 14 Pro - 2023-03-20 at 12.35.56.png */; };
		0A59579B29CABC66008ED873 /* Simulator Screen Shot - iPhone 14 Pro - 2023-03-20 at 12.35.31.png in Resources */ = {isa = PBXBuildFile; fileRef = 0A59576A29CABC66008ED873 /* Simulator Screen Shot - iPhone 14 Pro - 2023-03-20 at 12.35.31.png */; };
		0A59579C29CABC66008ED873 /* README.md in Resources */ = {isa = PBXBuildFile; fileRef = 0A59576B29CABC66008ED873 /* README.md */; };
		0A59579D29CABC66008ED873 /* Assets.xcassets in Resources */ = {isa = PBXBuildFile; fileRef = 0A59576D29CABC66008ED873 /* Assets.xcassets */; };
		0A59579E29CABC66008ED873 /* Preview Assets.xcassets in Resources */ = {isa = PBXBuildFile; fileRef = 0A59576F29CABC66008ED873 /* Preview Assets.xcassets */; };
		0A5957A029CABC66008ED873 /* Color+Theme.swift in Sources */ = {isa = PBXBuildFile; fileRef = 0A59577229CABC66008ED873 /* Color+Theme.swift */; };
		0A5957A129CABC66008ED873 /* Collection+EnumeratedArray.swift in Sources */ = {isa = PBXBuildFile; fileRef = 0A59577329CABC66008ED873 /* Collection+EnumeratedArray.swift */; };
		0A5957A329CABC66008ED873 /* URL+IsDirectory.swift in Sources */ = {isa = PBXBuildFile; fileRef = 0A59577529CABC66008ED873 /* URL+IsDirectory.swift */; };
		0A5957A429CABC66008ED873 /* SmoothieSavvyApp.swift in Sources */ = {isa = PBXBuildFile; fileRef = 0A59577629CABC66008ED873 /* SmoothieSavvyApp.swift */; };
		0A5957A729CABC66008ED873 /* SmoothieSavvy.xcdatamodeld in Sources */ = {isa = PBXBuildFile; fileRef = 0A59577A29CABC66008ED873 /* SmoothieSavvy.xcdatamodeld */; };
		0A5957B429CABC66008ED873 /* RecipesSidebarView.swift in Sources */ = {isa = PBXBuildFile; fileRef = 0A59578B29CABC66008ED873 /* RecipesSidebarView.swift */; };
		0A5957B529CABC66008ED873 /* Background.swift in Sources */ = {isa = PBXBuildFile; fileRef = 0A59578C29CABC66008ED873 /* Background.swift */; };
		0A5957BB29CABC66008ED873 /* ContentView.swift in Sources */ = {isa = PBXBuildFile; fileRef = 0A59579429CABC66008ED873 /* ContentView.swift */; };
		0A6CD39429D5173F0068BF4B /* Tag+Wrappers.swift in Sources */ = {isa = PBXBuildFile; fileRef = 0A6CD39329D5173F0068BF4B /* Tag+Wrappers.swift */; };
		0A6CD39529D630F20068BF4B /* EditRecipeView.swift in Sources */ = {isa = PBXBuildFile; fileRef = 0A59578229CABC66008ED873 /* EditRecipeView.swift */; };
		0A98C62729CFE00100960214 /* PersistenceController.swift in Sources */ = {isa = PBXBuildFile; fileRef = 0A98C62629CFE00100960214 /* PersistenceController.swift */; };
		0ADD5DFA29D26A6E005CC1D1 /* Recipe+Wrappers.swift in Sources */ = {isa = PBXBuildFile; fileRef = 0ADD5DF929D26A6E005CC1D1 /* Recipe+Wrappers.swift */; };
		0ADD5DFC29D26B39005CC1D1 /* Ingredient+Wrappers.swift in Sources */ = {isa = PBXBuildFile; fileRef = 0ADD5DFB29D26B39005CC1D1 /* Ingredient+Wrappers.swift */; };
		0ADD5DFF29D2795F005CC1D1 /* SmoothieRecipeView.swift in Sources */ = {isa = PBXBuildFile; fileRef = 0A59578E29CABC66008ED873 /* SmoothieRecipeView.swift */; };
		0ADD5E0029D27965005CC1D1 /* RecipeSection.swift in Sources */ = {isa = PBXBuildFile; fileRef = 0A59579129CABC66008ED873 /* RecipeSection.swift */; };
		0ADD5E0129D27998005CC1D1 /* HeaderImage.swift in Sources */ = {isa = PBXBuildFile; fileRef = 0A59579029CABC66008ED873 /* HeaderImage.swift */; };
		0ADD5E0229D28B75005CC1D1 /* SmoothieThumbnail.swift in Sources */ = {isa = PBXBuildFile; fileRef = 0A59578F29CABC66008ED873 /* SmoothieThumbnail.swift */; };
		0ADD5E0629D28E14005CC1D1 /* RecipeImageView.swift in Sources */ = {isa = PBXBuildFile; fileRef = 0A59578129CABC66008ED873 /* RecipeImageView.swift */; };
		0ADD5E0829D28EE0005CC1D1 /* Binding+WithDefault.swift in Sources */ = {isa = PBXBuildFile; fileRef = 0ADD5E0729D28EE0005CC1D1 /* Binding+WithDefault.swift */; };
		0ADD5E0929D29067005CC1D1 /* SelectIngredientsView.swift in Sources */ = {isa = PBXBuildFile; fileRef = 0A59579229CABC66008ED873 /* SelectIngredientsView.swift */; };
		0ADD5E0B29D3687C005CC1D1 /* PersistenceController+Preview.swift in Sources */ = {isa = PBXBuildFile; fileRef = 0ADD5E0A29D3687C005CC1D1 /* PersistenceController+Preview.swift */; };
		0ADD5E0D29D3E8F5005CC1D1 /* EditRecipeViewModel.swift in Sources */ = {isa = PBXBuildFile; fileRef = 0ADD5E0C29D3E8F5005CC1D1 /* EditRecipeViewModel.swift */; };
		0AE4664529E22D6700DD2455 /* IngredientEmojiProvider.swift in Sources */ = {isa = PBXBuildFile; fileRef = 0AE4664429E22D6700DD2455 /* IngredientEmojiProvider.swift */; };
/* End PBXBuildFile section */

/* Begin PBXFileReference section */
		0A588F0929E217A200601DE9 /* String+RandomEmoji.swift */ = {isa = PBXFileReference; lastKnownFileType = sourcecode.swift; path = "String+RandomEmoji.swift"; sourceTree = "<group>"; };
		0A59575329CABC33008ED873 /* SmoothieSavvy.app */ = {isa = PBXFileReference; explicitFileType = wrapper.application; includeInIndex = 0; path = SmoothieSavvy.app; sourceTree = BUILT_PRODUCTS_DIR; };
		0A59576529CABC66008ED873 /* Simulator Screen Shot - iPhone 14 Pro - 2023-03-20 at 12.36.09.png */ = {isa = PBXFileReference; lastKnownFileType = image.png; path = "Simulator Screen Shot - iPhone 14 Pro - 2023-03-20 at 12.36.09.png"; sourceTree = "<group>"; };
		0A59576629CABC66008ED873 /* Simulator Screen Shot - iPhone 14 Pro - 2023-03-20 at 12.39.49.png */ = {isa = PBXFileReference; lastKnownFileType = image.png; path = "Simulator Screen Shot - iPhone 14 Pro - 2023-03-20 at 12.39.49.png"; sourceTree = "<group>"; };
		0A59576729CABC66008ED873 /* Simulator Screen Shot - iPhone 14 Pro - 2023-03-20 at 12.39.51.png */ = {isa = PBXFileReference; lastKnownFileType = image.png; path = "Simulator Screen Shot - iPhone 14 Pro - 2023-03-20 at 12.39.51.png"; sourceTree = "<group>"; };
		0A59576829CABC66008ED873 /* Simulator Screen Shot - iPhone 14 Pro - 2023-03-20 at 12.35.42.png */ = {isa = PBXFileReference; lastKnownFileType = image.png; path = "Simulator Screen Shot - iPhone 14 Pro - 2023-03-20 at 12.35.42.png"; sourceTree = "<group>"; };
		0A59576929CABC66008ED873 /* Simulator Screen Shot - iPhone 14 Pro - 2023-03-20 at 12.35.56.png */ = {isa = PBXFileReference; lastKnownFileType = image.png; path = "Simulator Screen Shot - iPhone 14 Pro - 2023-03-20 at 12.35.56.png"; sourceTree = "<group>"; };
		0A59576A29CABC66008ED873 /* Simulator Screen Shot - iPhone 14 Pro - 2023-03-20 at 12.35.31.png */ = {isa = PBXFileReference; lastKnownFileType = image.png; path = "Simulator Screen Shot - iPhone 14 Pro - 2023-03-20 at 12.35.31.png"; sourceTree = "<group>"; };
		0A59576B29CABC66008ED873 /* README.md */ = {isa = PBXFileReference; fileEncoding = 4; lastKnownFileType = net.daringfireball.markdown; path = README.md; sourceTree = "<group>"; };
		0A59576D29CABC66008ED873 /* Assets.xcassets */ = {isa = PBXFileReference; lastKnownFileType = folder.assetcatalog; path = Assets.xcassets; sourceTree = "<group>"; };
		0A59576F29CABC66008ED873 /* Preview Assets.xcassets */ = {isa = PBXFileReference; lastKnownFileType = folder.assetcatalog; path = "Preview Assets.xcassets"; sourceTree = "<group>"; };
		0A59577229CABC66008ED873 /* Color+Theme.swift */ = {isa = PBXFileReference; fileEncoding = 4; lastKnownFileType = sourcecode.swift; path = "Color+Theme.swift"; sourceTree = "<group>"; };
		0A59577329CABC66008ED873 /* Collection+EnumeratedArray.swift */ = {isa = PBXFileReference; fileEncoding = 4; lastKnownFileType = sourcecode.swift; path = "Collection+EnumeratedArray.swift"; sourceTree = "<group>"; };
		0A59577529CABC66008ED873 /* URL+IsDirectory.swift */ = {isa = PBXFileReference; fileEncoding = 4; lastKnownFileType = sourcecode.swift; path = "URL+IsDirectory.swift"; sourceTree = "<group>"; };
		0A59577629CABC66008ED873 /* SmoothieSavvyApp.swift */ = {isa = PBXFileReference; fileEncoding = 4; lastKnownFileType = sourcecode.swift; path = SmoothieSavvyApp.swift; sourceTree = "<group>"; };
		0A59577B29CABC66008ED873 /* SmoothieSavvy.xcdatamodel */ = {isa = PBXFileReference; lastKnownFileType = wrapper.xcdatamodel; path = SmoothieSavvy.xcdatamodel; sourceTree = "<group>"; };
		0A59578129CABC66008ED873 /* RecipeImageView.swift */ = {isa = PBXFileReference; fileEncoding = 4; lastKnownFileType = sourcecode.swift; path = RecipeImageView.swift; sourceTree = "<group>"; };
		0A59578229CABC66008ED873 /* EditRecipeView.swift */ = {isa = PBXFileReference; fileEncoding = 4; lastKnownFileType = sourcecode.swift; path = EditRecipeView.swift; sourceTree = "<group>"; };
		0A59578B29CABC66008ED873 /* RecipesSidebarView.swift */ = {isa = PBXFileReference; fileEncoding = 4; lastKnownFileType = sourcecode.swift; path = RecipesSidebarView.swift; sourceTree = "<group>"; };
		0A59578C29CABC66008ED873 /* Background.swift */ = {isa = PBXFileReference; fileEncoding = 4; lastKnownFileType = sourcecode.swift; path = Background.swift; sourceTree = "<group>"; };
		0A59578E29CABC66008ED873 /* SmoothieRecipeView.swift */ = {isa = PBXFileReference; fileEncoding = 4; lastKnownFileType = sourcecode.swift; path = SmoothieRecipeView.swift; sourceTree = "<group>"; };
		0A59578F29CABC66008ED873 /* SmoothieThumbnail.swift */ = {isa = PBXFileReference; fileEncoding = 4; lastKnownFileType = sourcecode.swift; path = SmoothieThumbnail.swift; sourceTree = "<group>"; };
		0A59579029CABC66008ED873 /* HeaderImage.swift */ = {isa = PBXFileReference; fileEncoding = 4; lastKnownFileType = sourcecode.swift; path = HeaderImage.swift; sourceTree = "<group>"; };
		0A59579129CABC66008ED873 /* RecipeSection.swift */ = {isa = PBXFileReference; fileEncoding = 4; lastKnownFileType = sourcecode.swift; path = RecipeSection.swift; sourceTree = "<group>"; };
		0A59579229CABC66008ED873 /* SelectIngredientsView.swift */ = {isa = PBXFileReference; fileEncoding = 4; lastKnownFileType = sourcecode.swift; path = SelectIngredientsView.swift; sourceTree = "<group>"; };
		0A59579329CABC66008ED873 /* SmoothieSavvy.entitlements */ = {isa = PBXFileReference; fileEncoding = 4; lastKnownFileType = text.plist.entitlements; path = SmoothieSavvy.entitlements; sourceTree = "<group>"; };
		0A59579429CABC66008ED873 /* ContentView.swift */ = {isa = PBXFileReference; fileEncoding = 4; lastKnownFileType = sourcecode.swift; path = ContentView.swift; sourceTree = "<group>"; };
		0A59579529CABC66008ED873 /* Info.plist */ = {isa = PBXFileReference; fileEncoding = 4; lastKnownFileType = text.plist.xml; path = Info.plist; sourceTree = "<group>"; };
		0A6CD39329D5173F0068BF4B /* Tag+Wrappers.swift */ = {isa = PBXFileReference; lastKnownFileType = sourcecode.swift; path = "Tag+Wrappers.swift"; sourceTree = "<group>"; };
		0A98C62629CFE00100960214 /* PersistenceController.swift */ = {isa = PBXFileReference; lastKnownFileType = sourcecode.swift; path = PersistenceController.swift; sourceTree = "<group>"; };
		0ADD5DF929D26A6E005CC1D1 /* Recipe+Wrappers.swift */ = {isa = PBXFileReference; lastKnownFileType = sourcecode.swift; path = "Recipe+Wrappers.swift"; sourceTree = "<group>"; };
		0ADD5DFB29D26B39005CC1D1 /* Ingredient+Wrappers.swift */ = {isa = PBXFileReference; lastKnownFileType = sourcecode.swift; path = "Ingredient+Wrappers.swift"; sourceTree = "<group>"; };
		0ADD5E0729D28EE0005CC1D1 /* Binding+WithDefault.swift */ = {isa = PBXFileReference; lastKnownFileType = sourcecode.swift; path = "Binding+WithDefault.swift"; sourceTree = "<group>"; };
		0ADD5E0A29D3687C005CC1D1 /* PersistenceController+Preview.swift */ = {isa = PBXFileReference; lastKnownFileType = sourcecode.swift; path = "PersistenceController+Preview.swift"; sourceTree = "<group>"; };
		0ADD5E0C29D3E8F5005CC1D1 /* EditRecipeViewModel.swift */ = {isa = PBXFileReference; lastKnownFileType = sourcecode.swift; path = EditRecipeViewModel.swift; sourceTree = "<group>"; };
		0AE4664429E22D6700DD2455 /* IngredientEmojiProvider.swift */ = {isa = PBXFileReference; lastKnownFileType = sourcecode.swift; path = IngredientEmojiProvider.swift; sourceTree = "<group>"; };
/* End PBXFileReference section */

/* Begin PBXFrameworksBuildPhase section */
		0A59575029CABC33008ED873 /* Frameworks */ = {
			isa = PBXFrameworksBuildPhase;
			buildActionMask = 2147483647;
			files = (
				0A588F0829E2131E00601DE9 /* EmojiPicker in Frameworks */,
			);
			runOnlyForDeploymentPostprocessing = 0;
		};
/* End PBXFrameworksBuildPhase section */

/* Begin PBXGroup section */
		0A59574A29CABC33008ED873 = {
			isa = PBXGroup;
			children = (
				0A59576C29CABC66008ED873 /* SmoothieSavvy */,
				0A59576429CABC66008ED873 /* Images */,
				0A59576B29CABC66008ED873 /* README.md */,
				0A59575429CABC33008ED873 /* Products */,
			);
			sourceTree = "<group>";
		};
		0A59575429CABC33008ED873 /* Products */ = {
			isa = PBXGroup;
			children = (
				0A59575329CABC33008ED873 /* SmoothieSavvy.app */,
			);
			name = Products;
			sourceTree = "<group>";
		};
		0A59576429CABC66008ED873 /* Images */ = {
			isa = PBXGroup;
			children = (
				0A59576529CABC66008ED873 /* Simulator Screen Shot - iPhone 14 Pro - 2023-03-20 at 12.36.09.png */,
				0A59576629CABC66008ED873 /* Simulator Screen Shot - iPhone 14 Pro - 2023-03-20 at 12.39.49.png */,
				0A59576729CABC66008ED873 /* Simulator Screen Shot - iPhone 14 Pro - 2023-03-20 at 12.39.51.png */,
				0A59576829CABC66008ED873 /* Simulator Screen Shot - iPhone 14 Pro - 2023-03-20 at 12.35.42.png */,
				0A59576929CABC66008ED873 /* Simulator Screen Shot - iPhone 14 Pro - 2023-03-20 at 12.35.56.png */,
				0A59576A29CABC66008ED873 /* Simulator Screen Shot - iPhone 14 Pro - 2023-03-20 at 12.35.31.png */,
			);
			path = Images;
			sourceTree = "<group>";
		};
		0A59576C29CABC66008ED873 /* SmoothieSavvy */ = {
			isa = PBXGroup;
			children = (
				0A98C62829CFE16700960214 /* App */,
				0A59577E29CABC66008ED873 /* Views */,
				0A59577729CABC66008ED873 /* Model */,
				0A59577029CABC66008ED873 /* Extensions */,
			);
			path = SmoothieSavvy;
			sourceTree = "<group>";
		};
		0A59576E29CABC66008ED873 /* Preview Content */ = {
			isa = PBXGroup;
			children = (
				0A59576F29CABC66008ED873 /* Preview Assets.xcassets */,
			);
			path = "Preview Content";
			sourceTree = "<group>";
		};
		0A59577029CABC66008ED873 /* Extensions */ = {
			isa = PBXGroup;
			children = (
				0A59577229CABC66008ED873 /* Color+Theme.swift */,
				0A59577329CABC66008ED873 /* Collection+EnumeratedArray.swift */,
				0A59577529CABC66008ED873 /* URL+IsDirectory.swift */,
				0ADD5E0729D28EE0005CC1D1 /* Binding+WithDefault.swift */,
				0A588F0929E217A200601DE9 /* String+RandomEmoji.swift */,
			);
			path = Extensions;
			sourceTree = "<group>";
		};
		0A59577729CABC66008ED873 /* Model */ = {
			isa = PBXGroup;
			children = (
				0A98C62629CFE00100960214 /* PersistenceController.swift */,
				0ADD5E0A29D3687C005CC1D1 /* PersistenceController+Preview.swift */,
				0ADD5DF929D26A6E005CC1D1 /* Recipe+Wrappers.swift */,
				0ADD5DFB29D26B39005CC1D1 /* Ingredient+Wrappers.swift */,
				0AE4664429E22D6700DD2455 /* IngredientEmojiProvider.swift */,
				0A6CD39329D5173F0068BF4B /* Tag+Wrappers.swift */,
				0A59577A29CABC66008ED873 /* SmoothieSavvy.xcdatamodeld */,
			);
			path = Model;
			sourceTree = "<group>";
		};
		0A59577E29CABC66008ED873 /* Views */ = {
			isa = PBXGroup;
			children = (
				0A59578B29CABC66008ED873 /* RecipesSidebarView.swift */,
				0A59579229CABC66008ED873 /* SelectIngredientsView.swift */,
				0AFDDE8F29CF700400522851 /* Helpers */,
				0A59578D29CABC66008ED873 /* SmoothieRecipe */,
				0A59578029CABC66008ED873 /* AddRecipe */,
			);
			path = Views;
			sourceTree = "<group>";
		};
		0A59578029CABC66008ED873 /* AddRecipe */ = {
			isa = PBXGroup;
			children = (
				0A59578229CABC66008ED873 /* EditRecipeView.swift */,
				0ADD5E0C29D3E8F5005CC1D1 /* EditRecipeViewModel.swift */,
				0A59578129CABC66008ED873 /* RecipeImageView.swift */,
			);
			path = AddRecipe;
			sourceTree = "<group>";
		};
		0A59578D29CABC66008ED873 /* SmoothieRecipe */ = {
			isa = PBXGroup;
			children = (
				0A59578E29CABC66008ED873 /* SmoothieRecipeView.swift */,
				0A59579029CABC66008ED873 /* HeaderImage.swift */,
				0A59579129CABC66008ED873 /* RecipeSection.swift */,
				0A59578F29CABC66008ED873 /* SmoothieThumbnail.swift */,
			);
			path = SmoothieRecipe;
			sourceTree = "<group>";
		};
		0A98C62829CFE16700960214 /* App */ = {
			isa = PBXGroup;
			children = (
				0A59577629CABC66008ED873 /* SmoothieSavvyApp.swift */,
				0A59579429CABC66008ED873 /* ContentView.swift */,
				0A59579529CABC66008ED873 /* Info.plist */,
				0A59579329CABC66008ED873 /* SmoothieSavvy.entitlements */,
				0A59576D29CABC66008ED873 /* Assets.xcassets */,
				0A59576E29CABC66008ED873 /* Preview Content */,
			);
			path = App;
			sourceTree = "<group>";
		};
		0AFDDE8F29CF700400522851 /* Helpers */ = {
			isa = PBXGroup;
			children = (
				0A59578C29CABC66008ED873 /* Background.swift */,
			);
			path = Helpers;
			sourceTree = "<group>";
		};
/* End PBXGroup section */

/* Begin PBXNativeTarget section */
		0A59575229CABC33008ED873 /* SmoothieSavvy */ = {
			isa = PBXNativeTarget;
			buildConfigurationList = 0A59576129CABC34008ED873 /* Build configuration list for PBXNativeTarget "SmoothieSavvy" */;
			buildPhases = (
				0A59574F29CABC33008ED873 /* Sources */,
				0A59575029CABC33008ED873 /* Frameworks */,
				0A59575129CABC33008ED873 /* Resources */,
			);
			buildRules = (
			);
			dependencies = (
			);
			name = SmoothieSavvy;
			packageProductDependencies = (
				0A588F0729E2131E00601DE9 /* EmojiPicker */,
			);
			productName = SmoothieSavvy;
			productReference = 0A59575329CABC33008ED873 /* SmoothieSavvy.app */;
			productType = "com.apple.product-type.application";
		};
/* End PBXNativeTarget section */

/* Begin PBXProject section */
		0A59574B29CABC33008ED873 /* Project object */ = {
			isa = PBXProject;
			attributes = {
				BuildIndependentTargetsInParallel = 1;
				LastSwiftUpdateCheck = 1420;
				LastUpgradeCheck = 1420;
				TargetAttributes = {
					0A59575229CABC33008ED873 = {
						CreatedOnToolsVersion = 14.2;
					};
				};
			};
			buildConfigurationList = 0A59574E29CABC33008ED873 /* Build configuration list for PBXProject "SmoothieSavvy" */;
			compatibilityVersion = "Xcode 14.0";
			developmentRegion = en;
			hasScannedForEncodings = 0;
			knownRegions = (
				en,
				Base,
			);
			mainGroup = 0A59574A29CABC33008ED873;
			packageReferences = (
				0A588F0629E2131E00601DE9 /* XCRemoteSwiftPackageReference "EmojiPicker" */,
			);
			productRefGroup = 0A59575429CABC33008ED873 /* Products */;
			projectDirPath = "";
			projectRoot = "";
			targets = (
				0A59575229CABC33008ED873 /* SmoothieSavvy */,
			);
		};
/* End PBXProject section */

/* Begin PBXResourcesBuildPhase section */
		0A59575129CABC33008ED873 /* Resources */ = {
			isa = PBXResourcesBuildPhase;
			buildActionMask = 2147483647;
			files = (
				0A59579B29CABC66008ED873 /* Simulator Screen Shot - iPhone 14 Pro - 2023-03-20 at 12.35.31.png in Resources */,
				0A59579E29CABC66008ED873 /* Preview Assets.xcassets in Resources */,
				0A59579629CABC66008ED873 /* Simulator Screen Shot - iPhone 14 Pro - 2023-03-20 at 12.36.09.png in Resources */,
				0A59579729CABC66008ED873 /* Simulator Screen Shot - iPhone 14 Pro - 2023-03-20 at 12.39.49.png in Resources */,
				0A59579C29CABC66008ED873 /* README.md in Resources */,
				0A59579929CABC66008ED873 /* Simulator Screen Shot - iPhone 14 Pro - 2023-03-20 at 12.35.42.png in Resources */,
				0A59579A29CABC66008ED873 /* Simulator Screen Shot - iPhone 14 Pro - 2023-03-20 at 12.35.56.png in Resources */,
				0A59579D29CABC66008ED873 /* Assets.xcassets in Resources */,
				0A59579829CABC66008ED873 /* Simulator Screen Shot - iPhone 14 Pro - 2023-03-20 at 12.39.51.png in Resources */,
			);
			runOnlyForDeploymentPostprocessing = 0;
		};
/* End PBXResourcesBuildPhase section */

/* Begin PBXSourcesBuildPhase section */
		0A59574F29CABC33008ED873 /* Sources */ = {
			isa = PBXSourcesBuildPhase;
			buildActionMask = 2147483647;
			files = (
				0AE4664529E22D6700DD2455 /* IngredientEmojiProvider.swift in Sources */,
				0ADD5DFA29D26A6E005CC1D1 /* Recipe+Wrappers.swift in Sources */,
				0ADD5E0629D28E14005CC1D1 /* RecipeImageView.swift in Sources */,
				0A5957A329CABC66008ED873 /* URL+IsDirectory.swift in Sources */,
				0ADD5E0229D28B75005CC1D1 /* SmoothieThumbnail.swift in Sources */,
				0ADD5E0029D27965005CC1D1 /* RecipeSection.swift in Sources */,
				0A5957B529CABC66008ED873 /* Background.swift in Sources */,
				0A5957A429CABC66008ED873 /* SmoothieSavvyApp.swift in Sources */,
				0A5957A129CABC66008ED873 /* Collection+EnumeratedArray.swift in Sources */,
				0A98C62729CFE00100960214 /* PersistenceController.swift in Sources */,
				0ADD5E0B29D3687C005CC1D1 /* PersistenceController+Preview.swift in Sources */,
				0ADD5E0829D28EE0005CC1D1 /* Binding+WithDefault.swift in Sources */,
				0ADD5E0929D29067005CC1D1 /* SelectIngredientsView.swift in Sources */,
				0ADD5E0129D27998005CC1D1 /* HeaderImage.swift in Sources */,
				0A5957A729CABC66008ED873 /* SmoothieSavvy.xcdatamodeld in Sources */,
				0ADD5DFF29D2795F005CC1D1 /* SmoothieRecipeView.swift in Sources */,
				0A588F0A29E217A200601DE9 /* String+RandomEmoji.swift in Sources */,
				0A5957A029CABC66008ED873 /* Color+Theme.swift in Sources */,
				0ADD5DFC29D26B39005CC1D1 /* Ingredient+Wrappers.swift in Sources */,
				0A6CD39529D630F20068BF4B /* EditRecipeView.swift in Sources */,
				0A5957BB29CABC66008ED873 /* ContentView.swift in Sources */,
				0ADD5E0D29D3E8F5005CC1D1 /* EditRecipeViewModel.swift in Sources */,
				0A5957B429CABC66008ED873 /* RecipesSidebarView.swift in Sources */,
				0A6CD39429D5173F0068BF4B /* Tag+Wrappers.swift in Sources */,
			);
			runOnlyForDeploymentPostprocessing = 0;
		};
/* End PBXSourcesBuildPhase section */

/* Begin XCBuildConfiguration section */
		0A59575F29CABC34008ED873 /* Debug */ = {
			isa = XCBuildConfiguration;
			buildSettings = {
				ALWAYS_SEARCH_USER_PATHS = NO;
				CLANG_ANALYZER_NONNULL = YES;
				CLANG_ANALYZER_NUMBER_OBJECT_CONVERSION = YES_AGGRESSIVE;
				CLANG_CXX_LANGUAGE_STANDARD = "gnu++20";
				CLANG_ENABLE_MODULES = YES;
				CLANG_ENABLE_OBJC_ARC = YES;
				CLANG_ENABLE_OBJC_WEAK = YES;
				CLANG_WARN_BLOCK_CAPTURE_AUTORELEASING = YES;
				CLANG_WARN_BOOL_CONVERSION = YES;
				CLANG_WARN_COMMA = YES;
				CLANG_WARN_CONSTANT_CONVERSION = YES;
				CLANG_WARN_DEPRECATED_OBJC_IMPLEMENTATIONS = YES;
				CLANG_WARN_DIRECT_OBJC_ISA_USAGE = YES_ERROR;
				CLANG_WARN_DOCUMENTATION_COMMENTS = YES;
				CLANG_WARN_EMPTY_BODY = YES;
				CLANG_WARN_ENUM_CONVERSION = YES;
				CLANG_WARN_INFINITE_RECURSION = YES;
				CLANG_WARN_INT_CONVERSION = YES;
				CLANG_WARN_NON_LITERAL_NULL_CONVERSION = YES;
				CLANG_WARN_OBJC_IMPLICIT_RETAIN_SELF = YES;
				CLANG_WARN_OBJC_LITERAL_CONVERSION = YES;
				CLANG_WARN_OBJC_ROOT_CLASS = YES_ERROR;
				CLANG_WARN_QUOTED_INCLUDE_IN_FRAMEWORK_HEADER = YES;
				CLANG_WARN_RANGE_LOOP_ANALYSIS = YES;
				CLANG_WARN_STRICT_PROTOTYPES = YES;
				CLANG_WARN_SUSPICIOUS_MOVE = YES;
				CLANG_WARN_UNGUARDED_AVAILABILITY = YES_AGGRESSIVE;
				CLANG_WARN_UNREACHABLE_CODE = YES;
				CLANG_WARN__DUPLICATE_METHOD_MATCH = YES;
				COPY_PHASE_STRIP = NO;
				DEBUG_INFORMATION_FORMAT = dwarf;
				ENABLE_STRICT_OBJC_MSGSEND = YES;
				ENABLE_TESTABILITY = YES;
				GCC_C_LANGUAGE_STANDARD = gnu11;
				GCC_DYNAMIC_NO_PIC = NO;
				GCC_NO_COMMON_BLOCKS = YES;
				GCC_OPTIMIZATION_LEVEL = 0;
				GCC_PREPROCESSOR_DEFINITIONS = (
					"DEBUG=1",
					"$(inherited)",
				);
				GCC_WARN_64_TO_32_BIT_CONVERSION = YES;
				GCC_WARN_ABOUT_RETURN_TYPE = YES_ERROR;
				GCC_WARN_UNDECLARED_SELECTOR = YES;
				GCC_WARN_UNINITIALIZED_AUTOS = YES_AGGRESSIVE;
				GCC_WARN_UNUSED_FUNCTION = YES;
				GCC_WARN_UNUSED_VARIABLE = YES;
				IPHONEOS_DEPLOYMENT_TARGET = 16.2;
				MTL_ENABLE_DEBUG_INFO = INCLUDE_SOURCE;
				MTL_FAST_MATH = YES;
				ONLY_ACTIVE_ARCH = YES;
				SDKROOT = iphoneos;
				SWIFT_ACTIVE_COMPILATION_CONDITIONS = DEBUG;
				SWIFT_OPTIMIZATION_LEVEL = "-Onone";
			};
			name = Debug;
		};
		0A59576029CABC34008ED873 /* Release */ = {
			isa = XCBuildConfiguration;
			buildSettings = {
				ALWAYS_SEARCH_USER_PATHS = NO;
				CLANG_ANALYZER_NONNULL = YES;
				CLANG_ANALYZER_NUMBER_OBJECT_CONVERSION = YES_AGGRESSIVE;
				CLANG_CXX_LANGUAGE_STANDARD = "gnu++20";
				CLANG_ENABLE_MODULES = YES;
				CLANG_ENABLE_OBJC_ARC = YES;
				CLANG_ENABLE_OBJC_WEAK = YES;
				CLANG_WARN_BLOCK_CAPTURE_AUTORELEASING = YES;
				CLANG_WARN_BOOL_CONVERSION = YES;
				CLANG_WARN_COMMA = YES;
				CLANG_WARN_CONSTANT_CONVERSION = YES;
				CLANG_WARN_DEPRECATED_OBJC_IMPLEMENTATIONS = YES;
				CLANG_WARN_DIRECT_OBJC_ISA_USAGE = YES_ERROR;
				CLANG_WARN_DOCUMENTATION_COMMENTS = YES;
				CLANG_WARN_EMPTY_BODY = YES;
				CLANG_WARN_ENUM_CONVERSION = YES;
				CLANG_WARN_INFINITE_RECURSION = YES;
				CLANG_WARN_INT_CONVERSION = YES;
				CLANG_WARN_NON_LITERAL_NULL_CONVERSION = YES;
				CLANG_WARN_OBJC_IMPLICIT_RETAIN_SELF = YES;
				CLANG_WARN_OBJC_LITERAL_CONVERSION = YES;
				CLANG_WARN_OBJC_ROOT_CLASS = YES_ERROR;
				CLANG_WARN_QUOTED_INCLUDE_IN_FRAMEWORK_HEADER = YES;
				CLANG_WARN_RANGE_LOOP_ANALYSIS = YES;
				CLANG_WARN_STRICT_PROTOTYPES = YES;
				CLANG_WARN_SUSPICIOUS_MOVE = YES;
				CLANG_WARN_UNGUARDED_AVAILABILITY = YES_AGGRESSIVE;
				CLANG_WARN_UNREACHABLE_CODE = YES;
				CLANG_WARN__DUPLICATE_METHOD_MATCH = YES;
				COPY_PHASE_STRIP = NO;
				DEBUG_INFORMATION_FORMAT = "dwarf-with-dsym";
				ENABLE_NS_ASSERTIONS = NO;
				ENABLE_STRICT_OBJC_MSGSEND = YES;
				GCC_C_LANGUAGE_STANDARD = gnu11;
				GCC_NO_COMMON_BLOCKS = YES;
				GCC_WARN_64_TO_32_BIT_CONVERSION = YES;
				GCC_WARN_ABOUT_RETURN_TYPE = YES_ERROR;
				GCC_WARN_UNDECLARED_SELECTOR = YES;
				GCC_WARN_UNINITIALIZED_AUTOS = YES_AGGRESSIVE;
				GCC_WARN_UNUSED_FUNCTION = YES;
				GCC_WARN_UNUSED_VARIABLE = YES;
				IPHONEOS_DEPLOYMENT_TARGET = 16.2;
				MTL_ENABLE_DEBUG_INFO = NO;
				MTL_FAST_MATH = YES;
				SDKROOT = iphoneos;
				SWIFT_COMPILATION_MODE = wholemodule;
				SWIFT_OPTIMIZATION_LEVEL = "-O";
				VALIDATE_PRODUCT = YES;
			};
			name = Release;
		};
		0A59576229CABC34008ED873 /* Debug */ = {
			isa = XCBuildConfiguration;
			buildSettings = {
				ASSETCATALOG_COMPILER_APPICON_NAME = AppIcon;
				ASSETCATALOG_COMPILER_GLOBAL_ACCENT_COLOR_NAME = AccentColor;
				CODE_SIGN_STYLE = Automatic;
				CURRENT_PROJECT_VERSION = 1;
				DEVELOPMENT_ASSET_PATHS = "\"SmoothieSavvy/App/Preview Content\"";
				DEVELOPMENT_TEAM = DR789XTL34;
				ENABLE_PREVIEWS = YES;
				GENERATE_INFOPLIST_FILE = YES;
				INFOPLIST_FILE = SmoothieSavvy/App/Info.plist;
				INFOPLIST_KEY_LSApplicationCategoryType = "public.app-category.food-and-drink";
				INFOPLIST_KEY_LSSupportsOpeningDocumentsInPlace = NO;
				INFOPLIST_KEY_UIApplicationSceneManifest_Generation = YES;
				INFOPLIST_KEY_UIApplicationSupportsIndirectInputEvents = YES;
				INFOPLIST_KEY_UILaunchScreen_Generation = YES;
				INFOPLIST_KEY_UISupportedInterfaceOrientations = UIInterfaceOrientationPortrait;
				INFOPLIST_KEY_UISupportedInterfaceOrientations_iPad = "UIInterfaceOrientationLandscapeLeft UIInterfaceOrientationLandscapeRight UIInterfaceOrientationPortrait UIInterfaceOrientationPortraitUpsideDown";
				LD_RUNPATH_SEARCH_PATHS = (
					"$(inherited)",
					"@executable_path/Frameworks",
				);
				MARKETING_VERSION = 1.0;
				PRODUCT_BUNDLE_IDENTIFIER = dev.copley.SmoothieSavvy;
				PRODUCT_NAME = "$(TARGET_NAME)";
				SUPPORTED_PLATFORMS = "iphoneos iphonesimulator";
				SUPPORTS_MACCATALYST = NO;
				SUPPORTS_MAC_DESIGNED_FOR_IPHONE_IPAD = NO;
				SWIFT_EMIT_LOC_STRINGS = YES;
				SWIFT_VERSION = 5.0;
				TARGETED_DEVICE_FAMILY = "1,2";
			};
			name = Debug;
		};
		0A59576329CABC34008ED873 /* Release */ = {
			isa = XCBuildConfiguration;
			buildSettings = {
				ASSETCATALOG_COMPILER_APPICON_NAME = AppIcon;
				ASSETCATALOG_COMPILER_GLOBAL_ACCENT_COLOR_NAME = AccentColor;
				CODE_SIGN_STYLE = Automatic;
				CURRENT_PROJECT_VERSION = 1;
				DEVELOPMENT_ASSET_PATHS = "\"SmoothieSavvy/App/Preview Content\"";
				DEVELOPMENT_TEAM = DR789XTL34;
				ENABLE_PREVIEWS = YES;
				GENERATE_INFOPLIST_FILE = YES;
				INFOPLIST_FILE = SmoothieSavvy/App/Info.plist;
				INFOPLIST_KEY_LSApplicationCategoryType = "public.app-category.food-and-drink";
				INFOPLIST_KEY_LSSupportsOpeningDocumentsInPlace = NO;
				INFOPLIST_KEY_UIApplicationSceneManifest_Generation = YES;
				INFOPLIST_KEY_UIApplicationSupportsIndirectInputEvents = YES;
				INFOPLIST_KEY_UILaunchScreen_Generation = YES;
				INFOPLIST_KEY_UISupportedInterfaceOrientations = UIInterfaceOrientationPortrait;
				INFOPLIST_KEY_UISupportedInterfaceOrientations_iPad = "UIInterfaceOrientationLandscapeLeft UIInterfaceOrientationLandscapeRight UIInterfaceOrientationPortrait UIInterfaceOrientationPortraitUpsideDown";
				LD_RUNPATH_SEARCH_PATHS = (
					"$(inherited)",
					"@executable_path/Frameworks",
				);
				MARKETING_VERSION = 1.0;
				PRODUCT_BUNDLE_IDENTIFIER = dev.copley.SmoothieSavvy;
				PRODUCT_NAME = "$(TARGET_NAME)";
				SUPPORTED_PLATFORMS = "iphoneos iphonesimulator";
				SUPPORTS_MACCATALYST = NO;
				SUPPORTS_MAC_DESIGNED_FOR_IPHONE_IPAD = NO;
				SWIFT_EMIT_LOC_STRINGS = YES;
				SWIFT_VERSION = 5.0;
				TARGETED_DEVICE_FAMILY = "1,2";
			};
			name = Release;
		};
/* End XCBuildConfiguration section */

/* Begin XCConfigurationList section */
		0A59574E29CABC33008ED873 /* Build configuration list for PBXProject "SmoothieSavvy" */ = {
			isa = XCConfigurationList;
			buildConfigurations = (
				0A59575F29CABC34008ED873 /* Debug */,
				0A59576029CABC34008ED873 /* Release */,
			);
			defaultConfigurationIsVisible = 0;
			defaultConfigurationName = Release;
		};
		0A59576129CABC34008ED873 /* Build configuration list for PBXNativeTarget "SmoothieSavvy" */ = {
			isa = XCConfigurationList;
			buildConfigurations = (
				0A59576229CABC34008ED873 /* Debug */,
				0A59576329CABC34008ED873 /* Release */,
			);
			defaultConfigurationIsVisible = 0;
			defaultConfigurationName = Release;
		};
/* End XCConfigurationList section */

/* Begin XCRemoteSwiftPackageReference section */
		0A588F0629E2131E00601DE9 /* XCRemoteSwiftPackageReference "EmojiPicker" */ = {
			isa = XCRemoteSwiftPackageReference;
			repositoryURL = "https://github.com/Kelvas09/EmojiPicker.git";
			requirement = {
				kind = upToNextMajorVersion;
				minimumVersion = 1.0.0;
			};
		};
/* End XCRemoteSwiftPackageReference section */

/* Begin XCSwiftPackageProductDependency section */
		0A588F0729E2131E00601DE9 /* EmojiPicker */ = {
			isa = XCSwiftPackageProductDependency;
			package = 0A588F0629E2131E00601DE9 /* XCRemoteSwiftPackageReference "EmojiPicker" */;
			productName = EmojiPicker;
		};
/* End XCSwiftPackageProductDependency section */

/* Begin XCVersionGroup section */
		0A59577A29CABC66008ED873 /* SmoothieSavvy.xcdatamodeld */ = {
			isa = XCVersionGroup;
			children = (
				0A59577B29CABC66008ED873 /* SmoothieSavvy.xcdatamodel */,
			);
			currentVersion = 0A59577B29CABC66008ED873 /* SmoothieSavvy.xcdatamodel */;
			path = SmoothieSavvy.xcdatamodeld;
			sourceTree = "<group>";
			versionGroupType = wrapper.xcdatamodel;
		};
/* End XCVersionGroup section */
	};
	rootObject = 0A59574B29CABC33008ED873 /* Project object */;
}
